
Microsoft Visual Studio Solution File, Format Version 12.00
# Visual Studio 14
VisualStudioVersion = 14.0.25420.1
MinimumVisualStudioVersion = 10.0.40219.1
Project("{FAE04EC0-301F-11D3-BF4B-00C04F79EFBC}") = "SqlServer.InformationSchema", "SqlServer.InformationSchema\SqlServer.InformationSchema.csproj", "{23C77167-9EC7-493A-B170-BCCEF43FD28C}"
EndProject
Project("{FAE04EC0-301F-11D3-BF4B-00C04F79EFBC}") = "SqlServer.InformationSchema.Test", "SqlServer.InformationSchema.Test\SqlServer.InformationSchema.Test.csproj", "{C403EE93-F394-4AD7-9B52-5A9E9188EB2F}"
EndProject
Global
	GlobalSection(SolutionConfigurationPlatforms) = preSolution
		Debug|Any CPU = Debug|Any CPU
		Release|Any CPU = Release|Any CPU
	EndGlobalSection
	GlobalSection(ProjectConfigurationPlatforms) = postSolution
		{23C77167-9EC7-493A-B170-BCCEF43FD28C}.Debug|Any CPU.ActiveCfg = Debug|Any CPU
		{23C77167-9EC7-493A-B170-BCCEF43FD28C}.Debug|Any CPU.Build.0 = Debug|Any CPU
		{23C77167-9EC7-493A-B170-BCCEF43FD28C}.Release|Any CPU.ActiveCfg = Release|Any CPU
		{23C77167-9EC7-493A-B170-BCCEF43FD28C}.Release|Any CPU.Build.0 = Release|Any CPU
		{C403EE93-F394-4AD7-9B52-5A9E9188EB2F}.Debug|Any CPU.ActiveCfg = Debug|Any CPU
		{C403EE93-F394-4AD7-9B52-5A9E9188EB2F}.Debug|Any CPU.Build.0 = Debug|Any CPU
		{C403EE93-F394-4AD7-9B52-5A9E9188EB2F}.Release|Any CPU.ActiveCfg = Release|Any CPU
		{C403EE93-F394-4AD7-9B52-5A9E9188EB2F}.Release|Any CPU.Build.0 = Release|Any CPU
	EndGlobalSection
	GlobalSection(SolutionProperties) = preSolution
		HideSolutionNode = FALSE
	EndGlobalSection
EndGlobal
